{
  "name": "@jcansdale-test/effective-spork-public",
  "version": "1.0.0",
  "lockfileVersion": 1,
  "requires": true,
  "dependencies": {
    "@jcansdale-test/dotnet-runtime-linux-x64": {
      "version": "github:jcansdale-test/dotnet-runtime#7ffc871f8ab53750c57ddb97a4626b4ab65f616c",
      "from": "github:jcansdale-test/dotnet-runtime#linux-x64"
    },
    "@jcansdale-test/dotnet-runtime-osx-x64": {
      "version": "github:jcansdale-test/dotnet-runtime#80a2a02e7c741302336704179b8391de33faa009",
      "from": "github:jcansdale-test/dotnet-runtime#osx-x64"
    },
    "@jcansdale-test/dotnet-runtime-win-x64": {
      "version": "github:jcansdale-test/dotnet-runtime#32323af6adb454df16426eb5d288ef169d2af674",
      "from": "github:jcansdale-test/dotnet-runtime#win-x64"
    }
  }
}
