{
  "name": "@jcansdale-test/effective-spork-public",
  "version": "1.0.0",
  "lockfileVersion": 1,
  "requires": true,
  "dependencies": {
    "@jcansdale-test/dotnet-runtime-osx-x64": {
      "version": "github:jcansdale-test/dotnet-runtime#974cfb024005cc0186dbd47674a8985ba3429fb5",
      "from": "github:jcansdale-test/dotnet-runtime#osx-x64"
    }
  }
}
